// !$*UTF8*$!
{
	archiveVersion = 1;
	classes = {
	};
	objectVersion = 56;
	objects = {

/* Begin PBXBuildFile section */
		BEC049DC5D3D20A0B78E0175 /* Pods_OpenLibrary.framework in Frameworks */ = {isa = PBXBuildFile; fileRef = C0D659FEBDFCC1119997435F /* Pods_OpenLibrary.framework */; };
		DBE0FEC529ED7959001D794B /* AppDelegate.swift in Sources */ = {isa = PBXBuildFile; fileRef = DBE0FEC429ED7959001D794B /* AppDelegate.swift */; };
		DBE0FEC729ED7959001D794B /* SceneDelegate.swift in Sources */ = {isa = PBXBuildFile; fileRef = DBE0FEC629ED7959001D794B /* SceneDelegate.swift */; };
		DBE0FEC929ED7959001D794B /* ViewController.swift in Sources */ = {isa = PBXBuildFile; fileRef = DBE0FEC829ED7959001D794B /* ViewController.swift */; };
		DBE0FECC29ED7959001D794B /* Main.storyboard in Resources */ = {isa = PBXBuildFile; fileRef = DBE0FECA29ED7959001D794B /* Main.storyboard */; };
		DBE0FECE29ED7960001D794B /* Assets.xcassets in Resources */ = {isa = PBXBuildFile; fileRef = DBE0FECD29ED7960001D794B /* Assets.xcassets */; };
		DBE0FED129ED7960001D794B /* LaunchScreen.storyboard in Resources */ = {isa = PBXBuildFile; fileRef = DBE0FECF29ED7960001D794B /* LaunchScreen.storyboard */; };
		DBE0FED929ED7EC8001D794B /* DetailViewController.swift in Sources */ = {isa = PBXBuildFile; fileRef = DBE0FED829ED7EC8001D794B /* DetailViewController.swift */; };
		DBE0FEDB29ED7ED6001D794B /* model.swift in Sources */ = {isa = PBXBuildFile; fileRef = DBE0FEDA29ED7ED6001D794B /* model.swift */; };
		DBE0FEDD29ED7EE9001D794B /* modelJson.swift in Sources */ = {isa = PBXBuildFile; fileRef = DBE0FEDC29ED7EE9001D794B /* modelJson.swift */; };
		DBE0FEDF29ED7F0E001D794B /* modelJsonTwo.swift in Sources */ = {isa = PBXBuildFile; fileRef = DBE0FEDE29ED7F0E001D794B /* modelJsonTwo.swift */; };
		DBE0FEE129ED7F1C001D794B /* modelTwo.swift in Sources */ = {isa = PBXBuildFile; fileRef = DBE0FEE029ED7F1C001D794B /* modelTwo.swift */; };
		DBE0FEE329ED7F3E001D794B /* TableViewCell.swift in Sources */ = {isa = PBXBuildFile; fileRef = DBE0FEE229ED7F3E001D794B /* TableViewCell.swift */; };
/* End PBXBuildFile section */

/* Begin PBXFileReference section */
		4D0BB4DAF79F568D72990CED /* Pods-OpenLibrary.release.xcconfig */ = {isa = PBXFileReference; includeInIndex = 1; lastKnownFileType = text.xcconfig; name = "Pods-OpenLibrary.release.xcconfig"; path = "Target Support Files/Pods-OpenLibrary/Pods-OpenLibrary.release.xcconfig"; sourceTree = "<group>"; };
		B61D6EE4FD76D77714B65626 /* Pods-OpenLibrary.debug.xcconfig */ = {isa = PBXFileReference; includeInIndex = 1; lastKnownFileType = text.xcconfig; name = "Pods-OpenLibrary.debug.xcconfig"; path = "Target Support Files/Pods-OpenLibrary/Pods-OpenLibrary.debug.xcconfig"; sourceTree = "<group>"; };
		C0D659FEBDFCC1119997435F /* Pods_OpenLibrary.framework */ = {isa = PBXFileReference; explicitFileType = wrapper.framework; includeInIndex = 0; path = Pods_OpenLibrary.framework; sourceTree = BUILT_PRODUCTS_DIR; };
		DBE0FEC129ED7959001D794B /* OpenLibrary.app */ = {isa = PBXFileReference; explicitFileType = wrapper.application; includeInIndex = 0; path = OpenLibrary.app; sourceTree = BUILT_PRODUCTS_DIR; };
		DBE0FEC429ED7959001D794B /* AppDelegate.swift */ = {isa = PBXFileReference; lastKnownFileType = sourcecode.swift; path = AppDelegate.swift; sourceTree = "<group>"; };
		DBE0FEC629ED7959001D794B /* SceneDelegate.swift */ = {isa = PBXFileReference; lastKnownFileType = sourcecode.swift; path = SceneDelegate.swift; sourceTree = "<group>"; };
		DBE0FEC829ED7959001D794B /* ViewController.swift */ = {isa = PBXFileReference; lastKnownFileType = sourcecode.swift; path = ViewController.swift; sourceTree = "<group>"; };
		DBE0FECB29ED7959001D794B /* Base */ = {isa = PBXFileReference; lastKnownFileType = file.storyboard; name = Base; path = Base.lproj/Main.storyboard; sourceTree = "<group>"; };
		DBE0FECD29ED7960001D794B /* Assets.xcassets */ = {isa = PBXFileReference; lastKnownFileType = folder.assetcatalog; path = Assets.xcassets; sourceTree = "<group>"; };
		DBE0FED029ED7960001D794B /* Base */ = {isa = PBXFileReference; lastKnownFileType = file.storyboard; name = Base; path = Base.lproj/LaunchScreen.storyboard; sourceTree = "<group>"; };
		DBE0FED229ED7960001D794B /* Info.plist */ = {isa = PBXFileReference; lastKnownFileType = text.plist.xml; path = Info.plist; sourceTree = "<group>"; };
		DBE0FED829ED7EC8001D794B /* DetailViewController.swift */ = {isa = PBXFileReference; lastKnownFileType = sourcecode.swift; path = DetailViewController.swift; sourceTree = "<group>"; };
		DBE0FEDA29ED7ED6001D794B /* model.swift */ = {isa = PBXFileReference; lastKnownFileType = sourcecode.swift; path = model.swift; sourceTree = "<group>"; };
		DBE0FEDC29ED7EE9001D794B /* modelJson.swift */ = {isa = PBXFileReference; lastKnownFileType = sourcecode.swift; path = modelJson.swift; sourceTree = "<group>"; };
		DBE0FEDE29ED7F0E001D794B /* modelJsonTwo.swift */ = {isa = PBXFileReference; lastKnownFileType = sourcecode.swift; path = modelJsonTwo.swift; sourceTree = "<group>"; };
		DBE0FEE029ED7F1C001D794B /* modelTwo.swift */ = {isa = PBXFileReference; lastKnownFileType = sourcecode.swift; path = modelTwo.swift; sourceTree = "<group>"; };
		DBE0FEE229ED7F3E001D794B /* TableViewCell.swift */ = {isa = PBXFileReference; lastKnownFileType = sourcecode.swift; path = TableViewCell.swift; sourceTree = "<group>"; };
/* End PBXFileReference section */

/* Begin PBXFrameworksBuildPhase section */
		DBE0FEBE29ED7959001D794B /* Frameworks */ = {
			isa = PBXFrameworksBuildPhase;
			buildActionMask = 2147483647;
			files = (
				BEC049DC5D3D20A0B78E0175 /* Pods_OpenLibrary.framework in Frameworks */,
			);
			runOnlyForDeploymentPostprocessing = 0;
		};
/* End PBXFrameworksBuildPhase section */

/* Begin PBXGroup section */
		36D06A8ED8995E2478CAD902 /* Pods */ = {
			isa = PBXGroup;
			children = (
				B61D6EE4FD76D77714B65626 /* Pods-OpenLibrary.debug.xcconfig */,
				4D0BB4DAF79F568D72990CED /* Pods-OpenLibrary.release.xcconfig */,
			);
			name = Pods;
			path = Pods;
			sourceTree = "<group>";
		};
		80B80CD87591DFF45D895140 /* Frameworks */ = {
			isa = PBXGroup;
			children = (
				C0D659FEBDFCC1119997435F /* Pods_OpenLibrary.framework */,
			);
			name = Frameworks;
			sourceTree = "<group>";
		};
		DBE0FEB829ED7959001D794B = {
			isa = PBXGroup;
			children = (
				DBE0FEC329ED7959001D794B /* OpenLibrary */,
				DBE0FEC229ED7959001D794B /* Products */,
				36D06A8ED8995E2478CAD902 /* Pods */,
				80B80CD87591DFF45D895140 /* Frameworks */,
			);
			sourceTree = "<group>";
		};
		DBE0FEC229ED7959001D794B /* Products */ = {
			isa = PBXGroup;
			children = (
				DBE0FEC129ED7959001D794B /* OpenLibrary.app */,
			);
			name = Products;
			sourceTree = "<group>";
		};
		DBE0FEC329ED7959001D794B /* OpenLibrary */ = {
			isa = PBXGroup;
			children = (
				DBE0FEC429ED7959001D794B /* AppDelegate.swift */,
				DBE0FEC629ED7959001D794B /* SceneDelegate.swift */,
				DBE0FEC829ED7959001D794B /* ViewController.swift */,
				DBE0FED829ED7EC8001D794B /* DetailViewController.swift */,
				DBE0FEDA29ED7ED6001D794B /* model.swift */,
				DBE0FEDC29ED7EE9001D794B /* modelJson.swift */,
				DBE0FEDE29ED7F0E001D794B /* modelJsonTwo.swift */,
				DBE0FEE029ED7F1C001D794B /* modelTwo.swift */,
				DBE0FEE229ED7F3E001D794B /* TableViewCell.swift */,
				DBE0FECA29ED7959001D794B /* Main.storyboard */,
				DBE0FECD29ED7960001D794B /* Assets.xcassets */,
				DBE0FECF29ED7960001D794B /* LaunchScreen.storyboard */,
				DBE0FED229ED7960001D794B /* Info.plist */,
			);
			path = OpenLibrary;
			sourceTree = "<group>";
		};
/* End PBXGroup section */

/* Begin PBXNativeTarget section */
		DBE0FEC029ED7959001D794B /* OpenLibrary */ = {
			isa = PBXNativeTarget;
			buildConfigurationList = DBE0FED529ED7960001D794B /* Build configuration list for PBXNativeTarget "OpenLibrary" */;
			buildPhases = (
				1E68D81380447B44C5BCAC55 /* [CP] Check Pods Manifest.lock */,
				DBE0FEBD29ED7959001D794B /* Sources */,
				DBE0FEBE29ED7959001D794B /* Frameworks */,
				DBE0FEBF29ED7959001D794B /* Resources */,
				68967B2DEADC0E8AA534CED7 /* [CP] Embed Pods Frameworks */,
			);
			buildRules = (
			);
			dependencies = (
			);
			name = OpenLibrary;
			productName = OpenLibrary;
			productReference = DBE0FEC129ED7959001D794B /* OpenLibrary.app */;
			productType = "com.apple.product-type.application";
		};
/* End PBXNativeTarget section */

/* Begin PBXProject section */
		DBE0FEB929ED7959001D794B /* Project object */ = {
			isa = PBXProject;
			attributes = {
				BuildIndependentTargetsInParallel = 1;
				LastSwiftUpdateCheck = 1420;
				LastUpgradeCheck = 1420;
				TargetAttributes = {
					DBE0FEC029ED7959001D794B = {
						CreatedOnToolsVersion = 14.2;
					};
				};
			};
			buildConfigurationList = DBE0FEBC29ED7959001D794B /* Build configuration list for PBXProject "OpenLibrary" */;
			compatibilityVersion = "Xcode 14.0";
			developmentRegion = en;
			hasScannedForEncodings = 0;
			knownRegions = (
				en,
				Base,
			);
			mainGroup = DBE0FEB829ED7959001D794B;
			productRefGroup = DBE0FEC229ED7959001D794B /* Products */;
			projectDirPath = "";
			projectRoot = "";
			targets = (
				DBE0FEC029ED7959001D794B /* OpenLibrary */,
			);
		};
/* End PBXProject section */

/* Begin PBXResourcesBuildPhase section */
		DBE0FEBF29ED7959001D794B /* Resources */ = {
			isa = PBXResourcesBuildPhase;
			buildActionMask = 2147483647;
			files = (
				DBE0FED129ED7960001D794B /* LaunchScreen.storyboard in Resources */,
				DBE0FECE29ED7960001D794B /* Assets.xcassets in Resources */,
				DBE0FECC29ED7959001D794B /* Main.storyboard in Resources */,
			);
			runOnlyForDeploymentPostprocessing = 0;
		};
/* End PBXResourcesBuildPhase section */

/* Begin PBXShellScriptBuildPhase section */
		1E68D81380447B44C5BCAC55 /* [CP] Check Pods Manifest.lock */ = {
			isa = PBXShellScriptBuildPhase;
			buildActionMask = 2147483647;
			files = (
			);
			inputFileListPaths = (
			);
			inputPaths = (
				"${PODS_PODFILE_DIR_PATH}/Podfile.lock",
				"${PODS_ROOT}/Manifest.lock",
			);
			name = "[CP] Check Pods Manifest.lock";
			outputFileListPaths = (
			);
			outputPaths = (
				"$(DERIVED_FILE_DIR)/Pods-OpenLibrary-checkManifestLockResult.txt",
			);
			runOnlyForDeploymentPostprocessing = 0;
			shellPath = /bin/sh;
			shellScript = "diff \"${PODS_PODFILE_DIR_PATH}/Podfile.lock\" \"${PODS_ROOT}/Manifest.lock\" > /dev/null\nif [ $? != 0 ] ; then\n    # print error to STDERR\n    echo \"error: The sandbox is not in sync with the Podfile.lock. Run 'pod install' or update your CocoaPods installation.\" >&2\n    exit 1\nfi\n# This output is used by Xcode 'outputs' to avoid re-running this script phase.\necho \"SUCCESS\" > \"${SCRIPT_OUTPUT_FILE_0}\"\n";
			showEnvVarsInLog = 0;
		};
		68967B2DEADC0E8AA534CED7 /* [CP] Embed Pods Frameworks */ = {
			isa = PBXShellScriptBuildPhase;
			buildActionMask = 2147483647;
			files = (
			);
			inputFileListPaths = (
				"${PODS_ROOT}/Target Support Files/Pods-OpenLibrary/Pods-OpenLibrary-frameworks-${CONFIGURATION}-input-files.xcfilelist",
			);
			name = "[CP] Embed Pods Frameworks";
			outputFileListPaths = (
				"${PODS_ROOT}/Target Support Files/Pods-OpenLibrary/Pods-OpenLibrary-frameworks-${CONFIGURATION}-output-files.xcfilelist",
			);
			runOnlyForDeploymentPostprocessing = 0;
			shellPath = /bin/sh;
			shellScript = "\"${PODS_ROOT}/Target Support Files/Pods-OpenLibrary/Pods-OpenLibrary-frameworks.sh\"\n";
			showEnvVarsInLog = 0;
		};
/* End PBXShellScriptBuildPhase section */

/* Begin PBXSourcesBuildPhase section */
		DBE0FEBD29ED7959001D794B /* Sources */ = {
			isa = PBXSourcesBuildPhase;
			buildActionMask = 2147483647;
			files = (
				DBE0FEDB29ED7ED6001D794B /* model.swift in Sources */,
				DBE0FEC929ED7959001D794B /* ViewController.swift in Sources */,
				DBE0FEDF29ED7F0E001D794B /* modelJsonTwo.swift in Sources */,
				DBE0FEE329ED7F3E001D794B /* TableViewCell.swift in Sources */,
				DBE0FEC529ED7959001D794B /* AppDelegate.swift in Sources */,
				DBE0FEE129ED7F1C001D794B /* modelTwo.swift in Sources */,
				DBE0FEC729ED7959001D794B /* SceneDelegate.swift in Sources */,
				DBE0FED929ED7EC8001D794B /* DetailViewController.swift in Sources */,
				DBE0FEDD29ED7EE9001D794B /* modelJson.swift in Sources */,
			);
			runOnlyForDeploymentPostprocessing = 0;
		};
/* End PBXSourcesBuildPhase section */

/* Begin PBXVariantGroup section */
		DBE0FECA29ED7959001D794B /* Main.storyboard */ = {
			isa = PBXVariantGroup;
			children = (
				DBE0FECB29ED7959001D794B /* Base */,
			);
			name = Main.storyboard;
			sourceTree = "<group>";
		};
		DBE0FECF29ED7960001D794B /* LaunchScreen.storyboard */ = {
			isa = PBXVariantGroup;
			children = (
				DBE0FED029ED7960001D794B /* Base */,
			);
			name = LaunchScreen.storyboard;
			sourceTree = "<group>";
		};
/* End PBXVariantGroup section */

/* Begin XCBuildConfiguration section */
		DBE0FED329ED7960001D794B /* Debug */ = {
			isa = XCBuildConfiguration;
			buildSettings = {
				ALWAYS_SEARCH_USER_PATHS = NO;
				CLANG_ANALYZER_NONNULL = YES;
				CLANG_ANALYZER_NUMBER_OBJECT_CONVERSION = YES_AGGRESSIVE;
				CLANG_CXX_LANGUAGE_STANDARD = "gnu++20";
				CLANG_ENABLE_MODULES = YES;
				CLANG_ENABLE_OBJC_ARC = YES;
				CLANG_ENABLE_OBJC_WEAK = YES;
				CLANG_WARN_BLOCK_CAPTURE_AUTORELEASING = YES;
				CLANG_WARN_BOOL_CONVERSION = YES;
				CLANG_WARN_COMMA = YES;
				CLANG_WARN_CONSTANT_CONVERSION = YES;
				CLANG_WARN_DEPRECATED_OBJC_IMPLEMENTATIONS = YES;
				CLANG_WARN_DIRECT_OBJC_ISA_USAGE = YES_ERROR;
				CLANG_WARN_DOCUMENTATION_COMMENTS = YES;
				CLANG_WARN_EMPTY_BODY = YES;
				CLANG_WARN_ENUM_CONVERSION = YES;
				CLANG_WARN_INFINITE_RECURSION = YES;
				CLANG_WARN_INT_CONVERSION = YES;
				CLANG_WARN_NON_LITERAL_NULL_CONVERSION = YES;
				CLANG_WARN_OBJC_IMPLICIT_RETAIN_SELF = YES;
				CLANG_WARN_OBJC_LITERAL_CONVERSION = YES;
				CLANG_WARN_OBJC_ROOT_CLASS = YES_ERROR;
				CLANG_WARN_QUOTED_INCLUDE_IN_FRAMEWORK_HEADER = YES;
				CLANG_WARN_RANGE_LOOP_ANALYSIS = YES;
				CLANG_WARN_STRICT_PROTOTYPES = YES;
				CLANG_WARN_SUSPICIOUS_MOVE = YES;
				CLANG_WARN_UNGUARDED_AVAILABILITY = YES_AGGRESSIVE;
				CLANG_WARN_UNREACHABLE_CODE = YES;
				CLANG_WARN__DUPLICATE_METHOD_MATCH = YES;
				COPY_PHASE_STRIP = NO;
				DEBUG_INFORMATION_FORMAT = dwarf;
				ENABLE_STRICT_OBJC_MSGSEND = YES;
				ENABLE_TESTABILITY = YES;
				GCC_C_LANGUAGE_STANDARD = gnu11;
				GCC_DYNAMIC_NO_PIC = NO;
				GCC_NO_COMMON_BLOCKS = YES;
				GCC_OPTIMIZATION_LEVEL = 0;
				GCC_PREPROCESSOR_DEFINITIONS = (
					"DEBUG=1",
					"$(inherited)",
				);
				GCC_WARN_64_TO_32_BIT_CONVERSION = YES;
				GCC_WARN_ABOUT_RETURN_TYPE = YES_ERROR;
				GCC_WARN_UNDECLARED_SELECTOR = YES;
				GCC_WARN_UNINITIALIZED_AUTOS = YES_AGGRESSIVE;
				GCC_WARN_UNUSED_FUNCTION = YES;
				GCC_WARN_UNUSED_VARIABLE = YES;
				IPHONEOS_DEPLOYMENT_TARGET = 16.2;
				MTL_ENABLE_DEBUG_INFO = INCLUDE_SOURCE;
				MTL_FAST_MATH = YES;
				ONLY_ACTIVE_ARCH = YES;
				SDKROOT = iphoneos;
				SWIFT_ACTIVE_COMPILATION_CONDITIONS = DEBUG;
				SWIFT_OPTIMIZATION_LEVEL = "-Onone";
			};
			name = Debug;
		};
		DBE0FED429ED7960001D794B /* Release */ = {
			isa = XCBuildConfiguration;
			buildSettings = {
				ALWAYS_SEARCH_USER_PATHS = NO;
				CLANG_ANALYZER_NONNULL = YES;
				CLANG_ANALYZER_NUMBER_OBJECT_CONVERSION = YES_AGGRESSIVE;
				CLANG_CXX_LANGUAGE_STANDARD = "gnu++20";
				CLANG_ENABLE_MODULES = YES;
				CLANG_ENABLE_OBJC_ARC = YES;
				CLANG_ENABLE_OBJC_WEAK = YES;
				CLANG_WARN_BLOCK_CAPTURE_AUTORELEASING = YES;
				CLANG_WARN_BOOL_CONVERSION = YES;
				CLANG_WARN_COMMA = YES;
				CLANG_WARN_CONSTANT_CONVERSION = YES;
				CLANG_WARN_DEPRECATED_OBJC_IMPLEMENTATIONS = YES;
				CLANG_WARN_DIRECT_OBJC_ISA_USAGE = YES_ERROR;
				CLANG_WARN_DOCUMENTATION_COMMENTS = YES;
				CLANG_WARN_EMPTY_BODY = YES;
				CLANG_WARN_ENUM_CONVERSION = YES;
				CLANG_WARN_INFINITE_RECURSION = YES;
				CLANG_WARN_INT_CONVERSION = YES;
				CLANG_WARN_NON_LITERAL_NULL_CONVERSION = YES;
				CLANG_WARN_OBJC_IMPLICIT_RETAIN_SELF = YES;
				CLANG_WARN_OBJC_LITERAL_CONVERSION = YES;
				CLANG_WARN_OBJC_ROOT_CLASS = YES_ERROR;
				CLANG_WARN_QUOTED_INCLUDE_IN_FRAMEWORK_HEADER = YES;
				CLANG_WARN_RANGE_LOOP_ANALYSIS = YES;
				CLANG_WARN_STRICT_PROTOTYPES = YES;
				CLANG_WARN_SUSPICIOUS_MOVE = YES;
				CLANG_WARN_UNGUARDED_AVAILABILITY = YES_AGGRESSIVE;
				CLANG_WARN_UNREACHABLE_CODE = YES;
				CLANG_WARN__DUPLICATE_METHOD_MATCH = YES;
				COPY_PHASE_STRIP = NO;
				DEBUG_INFORMATION_FORMAT = "dwarf-with-dsym";
				ENABLE_NS_ASSERTIONS = NO;
				ENABLE_STRICT_OBJC_MSGSEND = YES;
				GCC_C_LANGUAGE_STANDARD = gnu11;
				GCC_NO_COMMON_BLOCKS = YES;
				GCC_WARN_64_TO_32_BIT_CONVERSION = YES;
				GCC_WARN_ABOUT_RETURN_TYPE = YES_ERROR;
				GCC_WARN_UNDECLARED_SELECTOR = YES;
				GCC_WARN_UNINITIALIZED_AUTOS = YES_AGGRESSIVE;
				GCC_WARN_UNUSED_FUNCTION = YES;
				GCC_WARN_UNUSED_VARIABLE = YES;
				IPHONEOS_DEPLOYMENT_TARGET = 16.2;
				MTL_ENABLE_DEBUG_INFO = NO;
				MTL_FAST_MATH = YES;
				SDKROOT = iphoneos;
				SWIFT_COMPILATION_MODE = wholemodule;
				SWIFT_OPTIMIZATION_LEVEL = "-O";
				VALIDATE_PRODUCT = YES;
			};
			name = Release;
		};
		DBE0FED629ED7960001D794B /* Debug */ = {
			isa = XCBuildConfiguration;
			baseConfigurationReference = B61D6EE4FD76D77714B65626 /* Pods-OpenLibrary.debug.xcconfig */;
			buildSettings = {
				ASSETCATALOG_COMPILER_APPICON_NAME = AppIcon;
				ASSETCATALOG_COMPILER_GLOBAL_ACCENT_COLOR_NAME = AccentColor;
				CODE_SIGN_STYLE = Automatic;
				CURRENT_PROJECT_VERSION = 1;
				GENERATE_INFOPLIST_FILE = YES;
				INFOPLIST_FILE = OpenLibrary/Info.plist;
				INFOPLIST_KEY_UIApplicationSupportsIndirectInputEvents = YES;
				INFOPLIST_KEY_UILaunchStoryboardName = LaunchScreen;
				INFOPLIST_KEY_UIMainStoryboardFile = Main;
				INFOPLIST_KEY_UISupportedInterfaceOrientations_iPad = "UIInterfaceOrientationPortrait UIInterfaceOrientationPortraitUpsideDown UIInterfaceOrientationLandscapeLeft UIInterfaceOrientationLandscapeRight";
				INFOPLIST_KEY_UISupportedInterfaceOrientations_iPhone = "UIInterfaceOrientationPortrait UIInterfaceOrientationLandscapeLeft UIInterfaceOrientationLandscapeRight";
				LD_RUNPATH_SEARCH_PATHS = (
					"$(inherited)",
					"@executable_path/Frameworks",
				);
				MARKETING_VERSION = 1.0;
				PRODUCT_BUNDLE_IDENTIFIER = one.OpenLibrary;
				PRODUCT_NAME = "$(TARGET_NAME)";
				SWIFT_EMIT_LOC_STRINGS = YES;
				SWIFT_VERSION = 5.0;
				TARGETED_DEVICE_FAMILY = "1,2";
			};
			name = Debug;
		};
		DBE0FED729ED7960001D794B /* Release */ = {
			isa = XCBuildConfiguration;
			baseConfigurationReference = 4D0BB4DAF79F568D72990CED /* Pods-OpenLibrary.release.xcconfig */;
			buildSettings = {
				ASSETCATALOG_COMPILER_APPICON_NAME = AppIcon;
				ASSETCATALOG_COMPILER_GLOBAL_ACCENT_COLOR_NAME = AccentColor;
				CODE_SIGN_STYLE = Automatic;
				CURRENT_PROJECT_VERSION = 1;
				GENERATE_INFOPLIST_FILE = YES;
				INFOPLIST_FILE = OpenLibrary/Info.plist;
				INFOPLIST_KEY_UIApplicationSupportsIndirectInputEvents = YES;
				INFOPLIST_KEY_UILaunchStoryboardName = LaunchScreen;
				INFOPLIST_KEY_UIMainStoryboardFile = Main;
				INFOPLIST_KEY_UISupportedInterfaceOrientations_iPad = "UIInterfaceOrientationPortrait UIInterfaceOrientationPortraitUpsideDown UIInterfaceOrientationLandscapeLeft UIInterfaceOrientationLandscapeRight";
				INFOPLIST_KEY_UISupportedInterfaceOrientations_iPhone = "UIInterfaceOrientationPortrait UIInterfaceOrientationLandscapeLeft UIInterfaceOrientationLandscapeRight";
				LD_RUNPATH_SEARCH_PATHS = (
					"$(inherited)",
					"@executable_path/Frameworks",
				);
				MARKETING_VERSION = 1.0;
				PRODUCT_BUNDLE_IDENTIFIER = one.OpenLibrary;
				PRODUCT_NAME = "$(TARGET_NAME)";
				SWIFT_EMIT_LOC_STRINGS = YES;
				SWIFT_VERSION = 5.0;
				TARGETED_DEVICE_FAMILY = "1,2";
			};
			name = Release;
		};
/* End XCBuildConfiguration section */

/* Begin XCConfigurationList section */
		DBE0FEBC29ED7959001D794B /* Build configuration list for PBXProject "OpenLibrary" */ = {
			isa = XCConfigurationList;
			buildConfigurations = (
				DBE0FED329ED7960001D794B /* Debug */,
				DBE0FED429ED7960001D794B /* Release */,
			);
			defaultConfigurationIsVisible = 0;
			defaultConfigurationName = Release;
		};
		DBE0FED529ED7960001D794B /* Build configuration list for PBXNativeTarget "OpenLibrary" */ = {
			isa = XCConfigurationList;
			buildConfigurations = (
				DBE0FED629ED7960001D794B /* Debug */,
				DBE0FED729ED7960001D794B /* Release */,
			);
			defaultConfigurationIsVisible = 0;
			defaultConfigurationName = Release;
		};
/* End XCConfigurationList section */
	};
	rootObject = DBE0FEB929ED7959001D794B /* Project object */;
}
